# Generated by depsolve. Do not edit by hand.
lockfile_version = 2
verify_on_install = true

[[package]]
name = "render-core"
version = "2.11.0"
resolved = "https://example.com/pkgs/render-core-2.11.0.tar.gz"
integrity = "sha256-4f1a9c"

[[package]]
name = "glyph-shaper"
version = "0.9.3"
resolved = "https://example.com/pkgs/glyph-shaper-0.9.3.tar.gz"
integrity = "sha256-TBD"

[[package]]
name = "colour-profiles"
version = "1.0.0"
resolved = "https://example.com/pkgs/colour-profiles-1.0.0.tar.gz"
integrity = ""

[[package]]
name = "font-cache"
version = "3.4.1"
resolved = "https://example.com/pkgs/font-cache-3.4.1.tar.gz"
integrity = "sha512-0000000000000000000000000000000000000000000000000000000000000000"
